// !$*UTF8*$!
{
	archiveVersion = 1;
	classes = {
	};
	objectVersion = 46;
	objects = {

/* Begin PBXBuildFile section */
		49422B8A1E6961B1009D00C6 /* Interactable.swift in Sources */ = {isa = PBXBuildFile; fileRef = 49422B891E6961B1009D00C6 /* Interactable.swift */; };
		49422B8C1E696388009D00C6 /* Wall.swift in Sources */ = {isa = PBXBuildFile; fileRef = 49422B8B1E696388009D00C6 /* Wall.swift */; };
		49422B901E697528009D00C6 /* Save_Load.swift in Sources */ = {isa = PBXBuildFile; fileRef = 49422B8F1E697528009D00C6 /* Save_Load.swift */; };
		49422B921E6C1F15009D00C6 /* Door.swift in Sources */ = {isa = PBXBuildFile; fileRef = 49422B911E6C1F15009D00C6 /* Door.swift */; };
		49422B941E72B191009D00C6 /* RoomDelegate.swift in Sources */ = {isa = PBXBuildFile; fileRef = 49422B931E72B191009D00C6 /* RoomDelegate.swift */; };
		494C64941E7D00130077507A /* SimpleFunctions.swift in Sources */ = {isa = PBXBuildFile; fileRef = 494C64931E7D00130077507A /* SimpleFunctions.swift */; };
		49D4953D1E686D0E003E403C /* main.swift in Sources */ = {isa = PBXBuildFile; fileRef = 49D4953C1E686D0E003E403C /* main.swift */; };
		49D495441E686F48003E403C /* Player.swift in Sources */ = {isa = PBXBuildFile; fileRef = 49D495431E686F48003E403C /* Player.swift */; };
		49D495461E687689003E403C /* Guide.swift in Sources */ = {isa = PBXBuildFile; fileRef = 49D495451E687689003E403C /* Guide.swift */; };
		49D495481E690CB3003E403C /* Room.swift in Sources */ = {isa = PBXBuildFile; fileRef = 49D495471E690CB3003E403C /* Room.swift */; };
		49D4954A1E690F3D003E403C /* Array2D.swift in Sources */ = {isa = PBXBuildFile; fileRef = 49D495491E690F3D003E403C /* Array2D.swift */; };
		49D4D9B81E69375E00BB3EB8 /* RoomLoader.swift in Sources */ = {isa = PBXBuildFile; fileRef = 49D4D9B71E69375E00BB3EB8 /* RoomLoader.swift */; };
/* End PBXBuildFile section */

/* Begin PBXCopyFilesBuildPhase section */
		49D495371E686D0E003E403C /* CopyFiles */ = {
			isa = PBXCopyFilesBuildPhase;
			buildActionMask = 2147483647;
			dstPath = /usr/share/man/man1/;
			dstSubfolderSpec = 0;
			files = (
			);
			runOnlyForDeploymentPostprocessing = 1;
		};
/* End PBXCopyFilesBuildPhase section */

/* Begin PBXFileReference section */
		49422B891E6961B1009D00C6 /* Interactable.swift */ = {isa = PBXFileReference; fileEncoding = 4; lastKnownFileType = sourcecode.swift; path = Interactable.swift; sourceTree = "<group>"; };
		49422B8B1E696388009D00C6 /* Wall.swift */ = {isa = PBXFileReference; fileEncoding = 4; lastKnownFileType = sourcecode.swift; path = Wall.swift; sourceTree = "<group>"; };
		49422B8F1E697528009D00C6 /* Save_Load.swift */ = {isa = PBXFileReference; fileEncoding = 4; lastKnownFileType = sourcecode.swift; path = Save_Load.swift; sourceTree = "<group>"; };
		49422B911E6C1F15009D00C6 /* Door.swift */ = {isa = PBXFileReference; fileEncoding = 4; lastKnownFileType = sourcecode.swift; path = Door.swift; sourceTree = "<group>"; };
		49422B931E72B191009D00C6 /* RoomDelegate.swift */ = {isa = PBXFileReference; fileEncoding = 4; lastKnownFileType = sourcecode.swift; path = RoomDelegate.swift; sourceTree = "<group>"; };
		494C64931E7D00130077507A /* SimpleFunctions.swift */ = {isa = PBXFileReference; fileEncoding = 4; lastKnownFileType = sourcecode.swift; path = SimpleFunctions.swift; sourceTree = "<group>"; };
		49D495391E686D0E003E403C /* Diminutive World */ = {isa = PBXFileReference; explicitFileType = "compiled.mach-o.executable"; includeInIndex = 0; path = "Diminutive World"; sourceTree = BUILT_PRODUCTS_DIR; };
		49D4953C1E686D0E003E403C /* main.swift */ = {isa = PBXFileReference; lastKnownFileType = sourcecode.swift; path = main.swift; sourceTree = "<group>"; };
		49D495431E686F48003E403C /* Player.swift */ = {isa = PBXFileReference; fileEncoding = 4; lastKnownFileType = sourcecode.swift; path = Player.swift; sourceTree = "<group>"; };
		49D495451E687689003E403C /* Guide.swift */ = {isa = PBXFileReference; fileEncoding = 4; lastKnownFileType = sourcecode.swift; path = Guide.swift; sourceTree = "<group>"; };
		49D495471E690CB3003E403C /* Room.swift */ = {isa = PBXFileReference; fileEncoding = 4; lastKnownFileType = sourcecode.swift; path = Room.swift; sourceTree = "<group>"; };
		49D495491E690F3D003E403C /* Array2D.swift */ = {isa = PBXFileReference; fileEncoding = 4; lastKnownFileType = sourcecode.swift; path = Array2D.swift; sourceTree = "<group>"; };
		49D4D9B71E69375E00BB3EB8 /* RoomLoader.swift */ = {isa = PBXFileReference; fileEncoding = 4; lastKnownFileType = sourcecode.swift; path = RoomLoader.swift; sourceTree = "<group>"; };
/* End PBXFileReference section */

/* Begin PBXFrameworksBuildPhase section */
		49D495361E686D0E003E403C /* Frameworks */ = {
			isa = PBXFrameworksBuildPhase;
			buildActionMask = 2147483647;
			files = (
			);
			runOnlyForDeploymentPostprocessing = 0;
		};
/* End PBXFrameworksBuildPhase section */

/* Begin PBXGroup section */
		49D495301E686D0E003E403C = {
			isa = PBXGroup;
			children = (
				49D4953B1E686D0E003E403C /* Diminutive World */,
				49D4953A1E686D0E003E403C /* Products */,
			);
			sourceTree = "<group>";
		};
		49D4953A1E686D0E003E403C /* Products */ = {
			isa = PBXGroup;
			children = (
				49D495391E686D0E003E403C /* Diminutive World */,
			);
			name = Products;
			sourceTree = "<group>";
		};
		49D4953B1E686D0E003E403C /* Diminutive World */ = {
			isa = PBXGroup;
			children = (
				49D4953C1E686D0E003E403C /* main.swift */,
				49D4D9B71E69375E00BB3EB8 /* RoomLoader.swift */,
				49D495451E687689003E403C /* Guide.swift */,
				49D495431E686F48003E403C /* Player.swift */,
				49422B931E72B191009D00C6 /* RoomDelegate.swift */,
				494C64931E7D00130077507A /* SimpleFunctions.swift */,
				49D495471E690CB3003E403C /* Room.swift */,
				49422B8F1E697528009D00C6 /* Save_Load.swift */,
				49422B891E6961B1009D00C6 /* Interactable.swift */,
				49422B8B1E696388009D00C6 /* Wall.swift */,
				49422B911E6C1F15009D00C6 /* Door.swift */,
				49D495491E690F3D003E403C /* Array2D.swift */,
			);
			path = "Diminutive World";
			sourceTree = "<group>";
		};
/* End PBXGroup section */

/* Begin PBXNativeTarget section */
		49D495381E686D0E003E403C /* Diminutive World */ = {
			isa = PBXNativeTarget;
			buildConfigurationList = 49D495401E686D0E003E403C /* Build configuration list for PBXNativeTarget "Diminutive World" */;
			buildPhases = (
				49D495351E686D0E003E403C /* Sources */,
				49D495361E686D0E003E403C /* Frameworks */,
				49D495371E686D0E003E403C /* CopyFiles */,
			);
			buildRules = (
			);
			dependencies = (
			);
			name = "Diminutive World";
			productName = "Diminutive World";
			productReference = 49D495391E686D0E003E403C /* Diminutive World */;
			productType = "com.apple.product-type.tool";
		};
/* End PBXNativeTarget section */

/* Begin PBXProject section */
		49D495311E686D0E003E403C /* Project object */ = {
			isa = PBXProject;
			attributes = {
				LastSwiftUpdateCheck = 0820;
				LastUpgradeCheck = 0820;
				ORGANIZATIONNAME = "Andrew Woods";
				TargetAttributes = {
					49D495381E686D0E003E403C = {
						CreatedOnToolsVersion = 8.2.1;
						ProvisioningStyle = Automatic;
					};
				};
			};
			buildConfigurationList = 49D495341E686D0E003E403C /* Build configuration list for PBXProject "Diminutive World" */;
			compatibilityVersion = "Xcode 3.2";
			developmentRegion = English;
			hasScannedForEncodings = 0;
			knownRegions = (
				en,
			);
			mainGroup = 49D495301E686D0E003E403C;
			productRefGroup = 49D4953A1E686D0E003E403C /* Products */;
			projectDirPath = "";
			projectRoot = "";
			targets = (
				49D495381E686D0E003E403C /* Diminutive World */,
			);
		};
/* End PBXProject section */

/* Begin PBXSourcesBuildPhase section */
		49D495351E686D0E003E403C /* Sources */ = {
			isa = PBXSourcesBuildPhase;
			buildActionMask = 2147483647;
			files = (
				49D495461E687689003E403C /* Guide.swift in Sources */,
				49D4D9B81E69375E00BB3EB8 /* RoomLoader.swift in Sources */,
				49D4954A1E690F3D003E403C /* Array2D.swift in Sources */,
				49422B941E72B191009D00C6 /* RoomDelegate.swift in Sources */,
				49422B921E6C1F15009D00C6 /* Door.swift in Sources */,
				49D495441E686F48003E403C /* Player.swift in Sources */,
				49D495481E690CB3003E403C /* Room.swift in Sources */,
				494C64941E7D00130077507A /* SimpleFunctions.swift in Sources */,
				49422B8C1E696388009D00C6 /* Wall.swift in Sources */,
				49422B8A1E6961B1009D00C6 /* Interactable.swift in Sources */,
				49D4953D1E686D0E003E403C /* main.swift in Sources */,
				49422B901E697528009D00C6 /* Save_Load.swift in Sources */,
			);
			runOnlyForDeploymentPostprocessing = 0;
		};
/* End PBXSourcesBuildPhase section */

/* Begin XCBuildConfiguration section */
		49D4953E1E686D0E003E403C /* Debug */ = {
			isa = XCBuildConfiguration;
			buildSettings = {
				ALWAYS_SEARCH_USER_PATHS = NO;
				CLANG_ANALYZER_NONNULL = YES;
				CLANG_CXX_LANGUAGE_STANDARD = "gnu++0x";
				CLANG_CXX_LIBRARY = "libc++";
				CLANG_ENABLE_MODULES = YES;
				CLANG_ENABLE_OBJC_ARC = YES;
				CLANG_WARN_BOOL_CONVERSION = YES;
				CLANG_WARN_CONSTANT_CONVERSION = YES;
				CLANG_WARN_DIRECT_OBJC_ISA_USAGE = YES_ERROR;
				CLANG_WARN_DOCUMENTATION_COMMENTS = YES;
				CLANG_WARN_EMPTY_BODY = YES;
				CLANG_WARN_ENUM_CONVERSION = YES;
				CLANG_WARN_INFINITE_RECURSION = YES;
				CLANG_WARN_INT_CONVERSION = YES;
				CLANG_WARN_OBJC_ROOT_CLASS = YES_ERROR;
				CLANG_WARN_SUSPICIOUS_MOVE = YES;
				CLANG_WARN_UNREACHABLE_CODE = YES;
				CLANG_WARN__DUPLICATE_METHOD_MATCH = YES;
				CODE_SIGN_IDENTITY = "-";
				COPY_PHASE_STRIP = NO;
				DEBUG_INFORMATION_FORMAT = dwarf;
				ENABLE_STRICT_OBJC_MSGSEND = YES;
				ENABLE_TESTABILITY = YES;
				GCC_C_LANGUAGE_STANDARD = gnu99;
				GCC_DYNAMIC_NO_PIC = NO;
				GCC_NO_COMMON_BLOCKS = YES;
				GCC_OPTIMIZATION_LEVEL = 0;
				GCC_PREPROCESSOR_DEFINITIONS = (
					"DEBUG=1",
					"$(inherited)",
				);
				GCC_WARN_64_TO_32_BIT_CONVERSION = YES;
				GCC_WARN_ABOUT_RETURN_TYPE = YES_ERROR;
				GCC_WARN_UNDECLARED_SELECTOR = YES;
				GCC_WARN_UNINITIALIZED_AUTOS = YES_AGGRESSIVE;
				GCC_WARN_UNUSED_FUNCTION = YES;
				GCC_WARN_UNUSED_VARIABLE = YES;
				MACOSX_DEPLOYMENT_TARGET = 10.12;
				MTL_ENABLE_DEBUG_INFO = YES;
				ONLY_ACTIVE_ARCH = YES;
				SDKROOT = macosx;
				SWIFT_OPTIMIZATION_LEVEL = "-Onone";
			};
			name = Debug;
		};
		49D4953F1E686D0E003E403C /* Release */ = {
			isa = XCBuildConfiguration;
			buildSettings = {
				ALWAYS_SEARCH_USER_PATHS = NO;
				CLANG_ANALYZER_NONNULL = YES;
				CLANG_CXX_LANGUAGE_STANDARD = "gnu++0x";
				CLANG_CXX_LIBRARY = "libc++";
				CLANG_ENABLE_MODULES = YES;
				CLANG_ENABLE_OBJC_ARC = YES;
				CLANG_WARN_BOOL_CONVERSION = YES;
				CLANG_WARN_CONSTANT_CONVERSION = YES;
				CLANG_WARN_DIRECT_OBJC_ISA_USAGE = YES_ERROR;
				CLANG_WARN_DOCUMENTATION_COMMENTS = YES;
				CLANG_WARN_EMPTY_BODY = YES;
				CLANG_WARN_ENUM_CONVERSION = YES;
				CLANG_WARN_INFINITE_RECURSION = YES;
				CLANG_WARN_INT_CONVERSION = YES;
				CLANG_WARN_OBJC_ROOT_CLASS = YES_ERROR;
				CLANG_WARN_SUSPICIOUS_MOVE = YES;
				CLANG_WARN_UNREACHABLE_CODE = YES;
				CLANG_WARN__DUPLICATE_METHOD_MATCH = YES;
				CODE_SIGN_IDENTITY = "-";
				COPY_PHASE_STRIP = NO;
				DEBUG_INFORMATION_FORMAT = "dwarf-with-dsym";
				ENABLE_NS_ASSERTIONS = NO;
				ENABLE_STRICT_OBJC_MSGSEND = YES;
				GCC_C_LANGUAGE_STANDARD = gnu99;
				GCC_NO_COMMON_BLOCKS = YES;
				GCC_WARN_64_TO_32_BIT_CONVERSION = YES;
				GCC_WARN_ABOUT_RETURN_TYPE = YES_ERROR;
				GCC_WARN_UNDECLARED_SELECTOR = YES;
				GCC_WARN_UNINITIALIZED_AUTOS = YES_AGGRESSIVE;
				GCC_WARN_UNUSED_FUNCTION = YES;
				GCC_WARN_UNUSED_VARIABLE = YES;
				MACOSX_DEPLOYMENT_TARGET = 10.12;
				MTL_ENABLE_DEBUG_INFO = NO;
				SDKROOT = macosx;
			};
			name = Release;
		};
		49D495411E686D0E003E403C /* Debug */ = {
			isa = XCBuildConfiguration;
			buildSettings = {
				PRODUCT_NAME = "$(TARGET_NAME)";
				SWIFT_VERSION = 3.0;
			};
			name = Debug;
		};
		49D495421E686D0E003E403C /* Release */ = {
			isa = XCBuildConfiguration;
			buildSettings = {
				PRODUCT_NAME = "$(TARGET_NAME)";
				SWIFT_VERSION = 3.0;
			};
			name = Release;
		};
/* End XCBuildConfiguration section */

/* Begin XCConfigurationList section */
		49D495341E686D0E003E403C /* Build configuration list for PBXProject "Diminutive World" */ = {
			isa = XCConfigurationList;
			buildConfigurations = (
				49D4953E1E686D0E003E403C /* Debug */,
				49D4953F1E686D0E003E403C /* Release */,
			);
			defaultConfigurationIsVisible = 0;
			defaultConfigurationName = Release;
		};
		49D495401E686D0E003E403C /* Build configuration list for PBXNativeTarget "Diminutive World" */ = {
			isa = XCConfigurationList;
			buildConfigurations = (
				49D495411E686D0E003E403C /* Debug */,
				49D495421E686D0E003E403C /* Release */,
			);
			defaultConfigurationIsVisible = 0;
			defaultConfigurationName = Release;
		};
/* End XCConfigurationList section */
	};
	rootObject = 49D495311E686D0E003E403C /* Project object */;
}
